
Microsoft Visual Studio Solution File, Format Version 12.00
# Visual Studio Version 17
VisualStudioVersion = 17.14.36414.22 d17.14
MinimumVisualStudioVersion = 10.0.40219.1
Project("{FAE04EC0-301F-11D3-BF4B-00C04F79EFBC}") = "MoodPlus", "MoodPlus\MoodPlus.csproj", "{BDB4D74B-5F5B-4FCA-B34A-4A289B8735A1}"
EndProject
Global
	GlobalSection(SolutionConfigurationPlatforms) = preSolution
		Debug|Any CPU = Debug|Any CPU
		Release|Any CPU = Release|Any CPU
	EndGlobalSection
	GlobalSection(ProjectConfigurationPlatforms) = postSolution
		{BDB4D74B-5F5B-4FCA-B34A-4A289B8735A1}.Debug|Any CPU.ActiveCfg = Debug|Any CPU
		{BDB4D74B-5F5B-4FCA-B34A-4A289B8735A1}.Debug|Any CPU.Build.0 = Debug|Any CPU
		{BDB4D74B-5F5B-4FCA-B34A-4A289B8735A1}.Release|Any CPU.ActiveCfg = Release|Any CPU
		{BDB4D74B-5F5B-4FCA-B34A-4A289B8735A1}.Release|Any CPU.Build.0 = Release|Any CPU
	EndGlobalSection
	GlobalSection(SolutionProperties) = preSolution
		HideSolutionNode = FALSE
	EndGlobalSection
	GlobalSection(ExtensibilityGlobals) = postSolution
		SolutionGuid = {06F036E0-C0DA-40F4-A57B-16A986BF8455}
	EndGlobalSection
EndGlobal
